{
  "nodes": {
    "agenix": {
      "inputs": {
        "darwin": "darwin",
        "home-manager": [
          "home-manager"
        ],
        "nixpkgs": [
          "nixpkgs"
        ],
        "systems": [
          "systems"
        ]
      },
      "locked": {
        "lastModified": 1761656077,
        "narHash": "sha256-lsNWuj4Z+pE7s0bd2OKicOFq9bK86JE0ZGeKJbNqb94=",
        "owner": "ryantm",
        "repo": "agenix",
        "rev": "9ba0d85de3eaa7afeab493fed622008b6e4924f5",
        "type": "github"
      },
      "original": {
        "owner": "ryantm",
        "repo": "agenix",
        "type": "github"
      }
    },
    "crane": {
      "locked": {
        "lastModified": 1760924934,
        "narHash": "sha256-tuuqY5aU7cUkR71sO2TraVKK2boYrdW3gCSXUkF4i44=",
        "owner": "ipetkov",
        "repo": "crane",
        "rev": "c6b4d5308293d0d04fcfeee92705017537cad02f",
        "type": "github"
      },
      "original": {
        "owner": "ipetkov",
        "repo": "crane",
        "type": "github"
      }
    },
    "darwin": {
      "inputs": {
        "nixpkgs": [
          "agenix",
          "nixpkgs"
        ]
      },
      "locked": {
        "lastModified": 1744478979,
        "narHash": "sha256-dyN+teG9G82G+m+PX/aSAagkC+vUv0SgUw3XkPhQodQ=",
        "owner": "lnl7",
        "repo": "nix-darwin",
        "rev": "43975d782b418ebf4969e9ccba82466728c2851b",
        "type": "github"
      },
      "original": {
        "owner": "lnl7",
        "ref": "master",
        "repo": "nix-darwin",
        "type": "github"
      }
    },
    "disko": {
      "inputs": {
        "nixpkgs": [
          "nixpkgs"
        ]
      },
      "locked": {
        "lastModified": 1746728054,
        "narHash": "sha256-eDoSOhxGEm2PykZFa/x9QG5eTH0MJdiJ9aR00VAofXE=",
        "owner": "nix-community",
        "repo": "disko",
        "rev": "ff442f5d1425feb86344c028298548024f21256d",
        "type": "github"
      },
      "original": {
        "owner": "nix-community",
        "ref": "v1.12.0",
        "repo": "disko",
        "type": "github"
      }
    },
    "flake-compat": {
      "flake": false,
      "locked": {
        "lastModified": 1751685974,
        "narHash": "sha256-NKw96t+BgHIYzHUjkTK95FqYRVKB8DHpVhefWSz/kTw=",
        "rev": "549f2762aebeff29a2e5ece7a7dc0f955281a1d1",
        "type": "tarball",
        "url": "https://git.lix.systems/api/v1/repos/lix-project/flake-compat/archive/549f2762aebeff29a2e5ece7a7dc0f955281a1d1.tar.gz?rev=549f2762aebeff29a2e5ece7a7dc0f955281a1d1"
      },
      "original": {
        "type": "tarball",
        "url": "https://git.lix.systems/lix-project/flake-compat/archive/main.tar.gz"
      }
    },
    "flake-utils": {
      "inputs": {
        "systems": "systems"
      },
      "locked": {
        "lastModified": 1731533236,
        "narHash": "sha256-l0KFg5HjrsfsO/JpG+r7fRrqm12kzFHyUHqHCVpMMbI=",
        "owner": "numtide",
        "repo": "flake-utils",
        "rev": "11707dc2f618dd54ca8739b309ec4fc024de578b",
        "type": "github"
      },
      "original": {
        "owner": "numtide",
        "repo": "flake-utils",
        "type": "github"
      }
    },
    "flake-utils_2": {
      "inputs": {
        "systems": "systems_3"
      },
      "locked": {
        "lastModified": 1694529238,
        "narHash": "sha256-zsNZZGTGnMOf9YpHKJqMSsa0dXbfmxeoJ7xHlrt+xmY=",
        "owner": "numtide",
        "repo": "flake-utils",
        "rev": "ff7b65b44d01cf9ba6a71320833626af21126384",
        "type": "github"
      },
      "original": {
        "owner": "numtide",
        "repo": "flake-utils",
        "type": "github"
      }
    },
    "gomod2nix": {
      "inputs": {
        "flake-utils": "flake-utils_2",
        "nixpkgs": [
          "tangled",
          "nixpkgs"
        ]
      },
      "locked": {
        "lastModified": 1754078208,
        "narHash": "sha256-YVoIFDCDpYuU3riaDEJ3xiGdPOtsx4sR5eTzHTytPV8=",
        "owner": "nix-community",
        "repo": "gomod2nix",
        "rev": "7f963246a71626c7fc70b431a315c4388a0c95cf",
        "type": "github"
      },
      "original": {
        "owner": "nix-community",
        "repo": "gomod2nix",
        "type": "github"
      }
    },
    "home-manager": {
      "inputs": {
        "nixpkgs": [
          "nixpkgs"
        ]
      },
      "locked": {
        "lastModified": 1758463745,
        "narHash": "sha256-uhzsV0Q0I9j2y/rfweWeGif5AWe0MGrgZ/3TjpDYdGA=",
        "owner": "nix-community",
        "repo": "home-manager",
        "rev": "3b955f5f0a942f9f60cdc9cacb7844335d0f21c3",
        "type": "github"
      },
      "original": {
        "owner": "nix-community",
        "ref": "release-25.05",
        "repo": "home-manager",
        "type": "github"
      }
    },
    "htmx-src": {
      "flake": false,
      "locked": {
        "narHash": "sha256-nm6avZuEBg67SSyyZUhjpXVNstHHgUxrtBHqJgowU08=",
        "type": "file",
        "url": "https://unpkg.com/htmx.org@2.0.4/dist/htmx.min.js"
      },
      "original": {
        "type": "file",
        "url": "https://unpkg.com/htmx.org@2.0.4/dist/htmx.min.js"
      }
    },
    "htmx-ws-src": {
      "flake": false,
      "locked": {
        "narHash": "sha256-2fg6KyEJoO24q0fQqbz9RMaYNPQrMwpZh29tkSqdqGY=",
        "type": "file",
        "url": "https://cdn.jsdelivr.net/npm/htmx-ext-ws@2.0.2"
      },
      "original": {
        "type": "file",
        "url": "https://cdn.jsdelivr.net/npm/htmx-ext-ws@2.0.2"
      }
    },
    "ibm-plex-mono-src": {
      "flake": false,
      "locked": {
        "lastModified": 1731402384,
        "narHash": "sha256-OwUmrPfEehLDz0fl2ChYLK8FQM2p0G1+EMrGsYEq+6g=",
        "type": "tarball",
        "url": "https://github.com/IBM/plex/releases/download/@ibm/plex-mono@1.1.0/ibm-plex-mono.zip"
      },
      "original": {
        "type": "tarball",
        "url": "https://github.com/IBM/plex/releases/download/@ibm/plex-mono@1.1.0/ibm-plex-mono.zip"
      }
    },
    "indigo": {
      "flake": false,
      "locked": {
        "lastModified": 1753693716,
        "narHash": "sha256-DMIKnCJRODQXEHUxA+7mLzRALmnZhkkbHlFT2rCQYrE=",
        "owner": "oppiliappan",
        "repo": "indigo",
        "rev": "5f170569da9360f57add450a278d73538092d8ca",
        "type": "github"
      },
      "original": {
        "owner": "oppiliappan",
        "repo": "indigo",
        "type": "github"
      }
    },
    "inter-fonts-src": {
      "flake": false,
      "locked": {
        "lastModified": 1731687360,
        "narHash": "sha256-5vdKKvHAeZi6igrfpbOdhZlDX2/5+UvzlnCQV6DdqoQ=",
        "type": "tarball",
        "url": "https://github.com/rsms/inter/releases/download/v4.1/Inter-4.1.zip"
      },
      "original": {
        "type": "tarball",
        "url": "https://github.com/rsms/inter/releases/download/v4.1/Inter-4.1.zip"
      }
    },
    "lucide-src": {
      "flake": false,
      "locked": {
        "lastModified": 1754044466,
        "narHash": "sha256-+exBR2OToB1iv7ZQI2S4B0lXA/QRvC9n6U99UxGpJGs=",
        "type": "tarball",
        "url": "https://github.com/lucide-icons/lucide/releases/download/0.536.0/lucide-icons-0.536.0.zip"
      },
      "original": {
        "type": "tarball",
        "url": "https://github.com/lucide-icons/lucide/releases/download/0.536.0/lucide-icons-0.536.0.zip"
      }
    },
    "niri": {
      "inputs": {
        "niri-stable": "niri-stable",
        "niri-unstable": "niri-unstable",
        "nixpkgs": "nixpkgs",
        "nixpkgs-stable": "nixpkgs-stable",
        "xwayland-satellite-stable": "xwayland-satellite-stable",
        "xwayland-satellite-unstable": "xwayland-satellite-unstable"
      },
      "locked": {
        "lastModified": 1762400608,
        "narHash": "sha256-cuT7sRqgERQvvsPgonz+0tu308Yy42nyNxgR2AxllEk=",
        "owner": "sodiboo",
        "repo": "niri-flake",
        "rev": "e8402dc4d8104f8f81fd16d3d743d43d106f2f47",
        "type": "github"
      },
      "original": {
        "owner": "sodiboo",
        "repo": "niri-flake",
        "type": "github"
      }
    },
    "niri-stable": {
      "flake": false,
      "locked": {
        "lastModified": 1756556321,
        "narHash": "sha256-RLD89dfjN0RVO86C/Mot0T7aduCygPGaYbog566F0Qo=",
        "owner": "YaLTeR",
        "repo": "niri",
        "rev": "01be0e65f4eb91a9cd624ac0b76aaeab765c7294",
        "type": "github"
      },
      "original": {
        "owner": "YaLTeR",
        "ref": "v25.08",
        "repo": "niri",
        "type": "github"
      }
    },
    "niri-unstable": {
      "flake": false,
      "locked": {
        "lastModified": 1762146685,
        "narHash": "sha256-anRlNG6t7esBbF1+ALDeathVBSclA0PEL52Vo0WnN5g=",
        "owner": "YaLTeR",
        "repo": "niri",
        "rev": "a2ca2b3c866bc781b12c334a9f949b3db6d7c943",
        "type": "github"
      },
      "original": {
        "owner": "YaLTeR",
        "repo": "niri",
        "type": "github"
      }
    },
    "nixos-hardware": {
      "locked": {
        "lastModified": 1762371679,
        "narHash": "sha256-VjZLHnj9tqFRigpD6SJtTKmQsys77jCX5YcnmMnUqH8=",
        "owner": "NixOS",
        "repo": "nixos-hardware",
        "rev": "e4c6ee69e710805a15a3da905214a25618271609",
        "type": "github"
      },
      "original": {
        "owner": "NixOS",
        "repo": "nixos-hardware",
        "type": "github"
      }
    },
    "nixpkgs": {
      "locked": {
        "lastModified": 1762111121,
        "narHash": "sha256-4vhDuZ7OZaZmKKrnDpxLZZpGIJvAeMtK6FKLJYUtAdw=",
        "owner": "NixOS",
        "repo": "nixpkgs",
        "rev": "b3d51a0365f6695e7dd5cdf3e180604530ed33b4",
        "type": "github"
      },
      "original": {
        "owner": "NixOS",
        "ref": "nixos-unstable",
        "repo": "nixpkgs",
        "type": "github"
      }
    },
    "nixpkgs-stable": {
      "locked": {
        "lastModified": 1762233356,
        "narHash": "sha256-cGS3lLTYusbEP/IJIWGgnkzIl+FA5xDvtiHyjalGr4k=",
        "owner": "NixOS",
        "repo": "nixpkgs",
        "rev": "ca534a76c4afb2bdc07b681dbc11b453bab21af8",
        "type": "github"
      },
      "original": {
        "owner": "NixOS",
        "ref": "nixos-25.05",
        "repo": "nixpkgs",
        "type": "github"
      }
    },
    "nixpkgs-unstable": {
      "locked": {
        "lastModified": 1762111121,
        "narHash": "sha256-4vhDuZ7OZaZmKKrnDpxLZZpGIJvAeMtK6FKLJYUtAdw=",
        "owner": "nixos",
        "repo": "nixpkgs",
        "rev": "b3d51a0365f6695e7dd5cdf3e180604530ed33b4",
        "type": "github"
      },
      "original": {
        "owner": "nixos",
        "ref": "nixos-unstable",
        "repo": "nixpkgs",
        "type": "github"
      }
    },
    "nixpkgs_2": {
      "locked": {
        "lastModified": 1762233356,
        "narHash": "sha256-cGS3lLTYusbEP/IJIWGgnkzIl+FA5xDvtiHyjalGr4k=",
        "owner": "nixos",
        "repo": "nixpkgs",
        "rev": "ca534a76c4afb2bdc07b681dbc11b453bab21af8",
        "type": "github"
      },
      "original": {
        "owner": "nixos",
        "ref": "nixos-25.05",
        "repo": "nixpkgs",
        "type": "github"
      }
    },
    "preservation": {
      "locked": {
        "lastModified": 1757436102,
        "narHash": "sha256-mMI9IanU+Xw+pVogD2oT0I2kTmvz2Un/Apc5+CwUpEY=",
        "owner": "nix-community",
        "repo": "preservation",
        "rev": "93416f4614ad2dfed5b0dcf12f27e57d27a5ab11",
        "type": "github"
      },
      "original": {
        "owner": "nix-community",
        "repo": "preservation",
        "type": "github"
      }
    },
    "ragenix": {
      "inputs": {
        "agenix": [
          "agenix"
        ],
        "crane": "crane",
        "flake-utils": "flake-utils",
        "nixpkgs": [
          "nixpkgs"
        ],
        "rust-overlay": "rust-overlay"
      },
      "locked": {
        "lastModified": 1761832913,
        "narHash": "sha256-VCNVjjuRvrKPiYYwqhE3BAKIaReiKXGpxGp27lZ0MFM=",
        "owner": "yaxitech",
        "repo": "ragenix",
        "rev": "83bccfdea758241999f32869fb6b36f7ac72f1ac",
        "type": "github"
      },
      "original": {
        "owner": "yaxitech",
        "repo": "ragenix",
        "type": "github"
      }
    },
    "root": {
      "inputs": {
        "agenix": "agenix",
        "disko": "disko",
        "home-manager": "home-manager",
        "niri": "niri",
        "nixos-hardware": "nixos-hardware",
        "nixpkgs": "nixpkgs_2",
        "nixpkgs-unstable": "nixpkgs-unstable",
        "preservation": "preservation",
        "ragenix": "ragenix",
        "secrets": "secrets",
        "systems": "systems_2",
        "tangled": "tangled",
        "treefmt": "treefmt"
      }
    },
    "rust-overlay": {
      "inputs": {
        "nixpkgs": [
          "ragenix",
          "nixpkgs"
        ]
      },
      "locked": {
        "lastModified": 1761791894,
        "narHash": "sha256-myRIDh+PxaREz+z9LzbqBJF+SnTFJwkthKDX9zMyddY=",
        "owner": "oxalica",
        "repo": "rust-overlay",
        "rev": "59c45eb69d9222a4362673141e00ff77842cd219",
        "type": "github"
      },
      "original": {
        "owner": "oxalica",
        "repo": "rust-overlay",
        "type": "github"
      }
    },
    "secrets": {
      "locked": {
        "lastModified": 1762404139,
        "narHash": "sha256-vNqMnsUDdw2Owf056kW7pBNg6N+gNbPOct8UytXHG64=",
        "ref": "refs/heads/main",
        "rev": "5fbf9a654bdc4026bf679b466eaf8b79d58aaf09",
        "shallow": true,
        "type": "git",
        "url": "https://github.com/wetheredge/nix-secrets.git"
      },
      "original": {
        "shallow": true,
        "type": "git",
        "url": "https://github.com/wetheredge/nix-secrets.git"
      }
    },
    "sqlite-lib-src": {
      "flake": false,
      "locked": {
        "lastModified": 1706631843,
        "narHash": "sha256-bJoMjirsBjm2Qk9KPiy3yV3+8b/POlYe76/FQbciHro=",
        "type": "tarball",
        "url": "https://sqlite.org/2024/sqlite-amalgamation-3450100.zip"
      },
      "original": {
        "type": "tarball",
        "url": "https://sqlite.org/2024/sqlite-amalgamation-3450100.zip"
      }
    },
    "systems": {
      "locked": {
        "lastModified": 1681028828,
        "narHash": "sha256-Vy1rq5AaRuLzOxct8nz4T6wlgyUR7zLU309k9mBC768=",
        "owner": "nix-systems",
        "repo": "default",
        "rev": "da67096a3b9bf56a91d16901293e51ba5b49a27e",
        "type": "github"
      },
      "original": {
        "owner": "nix-systems",
        "repo": "default",
        "type": "github"
      }
    },
    "systems_2": {
      "locked": {
        "lastModified": 1681028828,
        "narHash": "sha256-Vy1rq5AaRuLzOxct8nz4T6wlgyUR7zLU309k9mBC768=",
        "owner": "nix-systems",
        "repo": "default",
        "rev": "da67096a3b9bf56a91d16901293e51ba5b49a27e",
        "type": "github"
      },
      "original": {
        "owner": "nix-systems",
        "repo": "default",
        "type": "github"
      }
    },
    "systems_3": {
      "locked": {
        "lastModified": 1681028828,
        "narHash": "sha256-Vy1rq5AaRuLzOxct8nz4T6wlgyUR7zLU309k9mBC768=",
        "owner": "nix-systems",
        "repo": "default",
        "rev": "da67096a3b9bf56a91d16901293e51ba5b49a27e",
        "type": "github"
      },
      "original": {
        "owner": "nix-systems",
        "repo": "default",
        "type": "github"
      }
    },
    "tangled": {
      "inputs": {
        "flake-compat": "flake-compat",
        "gomod2nix": "gomod2nix",
        "htmx-src": "htmx-src",
        "htmx-ws-src": "htmx-ws-src",
        "ibm-plex-mono-src": "ibm-plex-mono-src",
        "indigo": "indigo",
        "inter-fonts-src": "inter-fonts-src",
        "lucide-src": "lucide-src",
        "nixpkgs": [
          "nixpkgs-unstable"
        ],
        "sqlite-lib-src": "sqlite-lib-src"
      },
      "locked": {
        "lastModified": 1762351433,
        "narHash": "sha256-1PGiDLrx1hNGNoUCnmc1Np2t48r7nIxxiTO8JHvaTws=",
        "ref": "refs/heads/master",
        "rev": "dd1bcee8c99bf799130645f32c94d1693f812f0d",
        "revCount": 1604,
        "type": "git",
        "url": "https://tangled.org/@tangled.org/core"
      },
      "original": {
        "type": "git",
        "url": "https://tangled.org/@tangled.org/core"
      }
    },
    "treefmt": {
      "inputs": {
        "nixpkgs": [
          "nixpkgs"
        ]
      },
      "locked": {
        "lastModified": 1762366246,
        "narHash": "sha256-3xc/f/ZNb5ma9Fc9knIzEwygXotA+0BZFQ5V5XovSOQ=",
        "owner": "numtide",
        "repo": "treefmt-nix",
        "rev": "a82c779ca992190109e431d7d680860e6723e048",
        "type": "github"
      },
      "original": {
        "owner": "numtide",
        "repo": "treefmt-nix",
        "type": "github"
      }
    },
    "xwayland-satellite-stable": {
      "flake": false,
      "locked": {
        "lastModified": 1755491097,
        "narHash": "sha256-m+9tUfsmBeF2Gn4HWa6vSITZ4Gz1eA1F5Kh62B0N4oE=",
        "owner": "Supreeeme",
        "repo": "xwayland-satellite",
        "rev": "388d291e82ffbc73be18169d39470f340707edaa",
        "type": "github"
      },
      "original": {
        "owner": "Supreeeme",
        "ref": "v0.7",
        "repo": "xwayland-satellite",
        "type": "github"
      }
    },
    "xwayland-satellite-unstable": {
      "flake": false,
      "locked": {
        "lastModified": 1762397230,
        "narHash": "sha256-PAV8DhLzfo6YwrESrK4ykEj+rUvBYMtbeI0N8SAlsMU=",
        "owner": "Supreeeme",
        "repo": "xwayland-satellite",
        "rev": "56256a1340b771c71a5cfdc881525807edc3fcd2",
        "type": "github"
      },
      "original": {
        "owner": "Supreeeme",
        "repo": "xwayland-satellite",
        "type": "github"
      }
    }
  },
  "root": "root",
  "version": 7
}
